
Microsoft Visual Studio Solution File, Format Version 12.00
# Visual Studio Version 17
VisualStudioVersion = 17.13.35825.156 d17.13
MinimumVisualStudioVersion = 10.0.40219.1
Project("{FAE04EC0-301F-11D3-BF4B-00C04F79EFBC}") = "PhoneBackup", "PhoneBackup.csproj", "{ADC8C431-FB7A-4946-BDB8-3BDB153860B9}"
EndProject
Global
	GlobalSection(SolutionConfigurationPlatforms) = preSolution
		Debug|Any CPU = Debug|Any CPU
		Release|Any CPU = Release|Any CPU
	EndGlobalSection
	GlobalSection(ProjectConfigurationPlatforms) = postSolution
		{ADC8C431-FB7A-4946-BDB8-3BDB153860B9}.Debug|Any CPU.ActiveCfg = Debug|Any CPU
		{ADC8C431-FB7A-4946-BDB8-3BDB153860B9}.Debug|Any CPU.Build.0 = Debug|Any CPU
		{ADC8C431-FB7A-4946-BDB8-3BDB153860B9}.Release|Any CPU.ActiveCfg = Release|Any CPU
		{ADC8C431-FB7A-4946-BDB8-3BDB153860B9}.Release|Any CPU.Build.0 = Release|Any CPU
	EndGlobalSection
	GlobalSection(SolutionProperties) = preSolution
		HideSolutionNode = FALSE
	EndGlobalSection
	GlobalSection(ExtensibilityGlobals) = postSolution
		SolutionGuid = {7F4A6E1A-9E87-462D-9822-E143A1E9679B}
	EndGlobalSection
EndGlobal
